lockfileVersion: '9.0'

settings:
  autoInstallPeers: true
  excludeLinksFromLockfile: false

importers:

  .:
    dependencies:
      '@react-email/components':
        specifier: ^0.0.21
        version: 0.0.21(@types/react@18.3.3)(react-dom@18.3.1(react@18.3.1))(react@18.3.1)
      '@vercel/postgres':
        specifier: ^0.9.0
        version: 0.9.0
      '@vercel/postgres-kysely':
        specifier: ^0.9.0
        version: 0.9.0(kysely@0.27.4)
      gray-matter:
        specifier: ^4.0.3
        version: 4.0.3
      kysely:
        specifier: ^0.27.4
        version: 0.27.4
      next:
        specifier: 14.2.4
        version: 14.2.4(react-dom@18.3.1(react@18.3.1))(react@18.3.1)
      nodemailer:
        specifier: ^6.9.14
        version: 6.9.14
      react:
        specifier: ^18
        version: 18.3.1
      react-dom:
        specifier: ^18
        version: 18.3.1(react@18.3.1)
    devDependencies:
      '@iconify/react':
        specifier: ^5.0.1
        version: 5.0.1(react@18.3.1)
      '@types/node':
        specifier: ^20
        version: 20.14.10
      '@types/nodemailer':
        specifier: ^6.4.15
        version: 6.4.15
      '@types/react':
        specifier: ^18
        version: 18.3.3
      '@types/react-dom':
        specifier: ^18
        version: 18.3.0
      typescript:
        specifier: ^5
        version: 5.5.3

packages:

  '@babel/runtime@7.24.8':
    resolution: {integrity: sha512-5F7SDGs1T72ZczbRwbGO9lQi0NLjQxzl6i4lJxLxfW9U5UluCSyEJeniWvnhl3/euNiqQVbo8zruhsDfid0esA==}
    engines: {node: '>=6.9.0'}

  '@iconify/react@5.0.1':
    resolution: {integrity: sha512-octpAJRtHZLLS1o6fmz2Ek2Rfwx75kVg48MZyGTqL3QqoxRddEsuLqOt6ADDhRosmlrYnIrVL+7obo1bz2ikNw==}
    peerDependencies:
      react: '>=16'

  '@iconify/types@2.0.0':
    resolution: {integrity: sha512-+wluvCrRhXrhyOmRDJ3q8mux9JkKy5SJ/v8ol2tu4FVjyYvtEzkc/3pK15ET6RKg4b4w4BmTk1+gsCUhf21Ykg==}

  '@isaacs/cliui@8.0.2':
    resolution: {integrity: sha512-O8jcjabXaleOG9DQ0+ARXWZBTfnP4WNAqzuiJK7ll44AmxGKv/J2M4TPjxjY3znBCfvBXFzucm1twdyFybFqEA==}
    engines: {node: '>=12'}

  '@neondatabase/serverless@0.9.4':
    resolution: {integrity: sha512-D0AXgJh6xkf+XTlsO7iwE2Q1w8981E1cLCPAALMU2YKtkF/1SF6BiAzYARZFYo175ON+b1RNIy9TdSFHm5nteg==}

  '@next/env@14.2.4':
    resolution: {integrity: sha512-3EtkY5VDkuV2+lNmKlbkibIJxcO4oIHEhBWne6PaAp+76J9KoSsGvNikp6ivzAT8dhhBMYrm6op2pS1ApG0Hzg==}

  '@next/swc-darwin-arm64@14.2.4':
    resolution: {integrity: sha512-AH3mO4JlFUqsYcwFUHb1wAKlebHU/Hv2u2kb1pAuRanDZ7pD/A/KPD98RHZmwsJpdHQwfEc/06mgpSzwrJYnNg==}
    engines: {node: '>= 10'}
    cpu: [arm64]
    os: [darwin]

  '@next/swc-darwin-x64@14.2.4':
    resolution: {integrity: sha512-QVadW73sWIO6E2VroyUjuAxhWLZWEpiFqHdZdoQ/AMpN9YWGuHV8t2rChr0ahy+irKX5mlDU7OY68k3n4tAZTg==}
    engines: {node: '>= 10'}
    cpu: [x64]
    os: [darwin]

  '@next/swc-linux-arm64-gnu@14.2.4':
    resolution: {integrity: sha512-KT6GUrb3oyCfcfJ+WliXuJnD6pCpZiosx2X3k66HLR+DMoilRb76LpWPGb4tZprawTtcnyrv75ElD6VncVamUQ==}
    engines: {node: '>= 10'}
    cpu: [arm64]
    os: [linux]
    libc: [glibc]

  '@next/swc-linux-arm64-musl@14.2.4':
    resolution: {integrity: sha512-Alv8/XGSs/ytwQcbCHwze1HmiIkIVhDHYLjczSVrf0Wi2MvKn/blt7+S6FJitj3yTlMwMxII1gIJ9WepI4aZ/A==}
    engines: {node: '>= 10'}
    cpu: [arm64]
    os: [linux]
    libc: [musl]

  '@next/swc-linux-x64-gnu@14.2.4':
    resolution: {integrity: sha512-ze0ShQDBPCqxLImzw4sCdfnB3lRmN3qGMB2GWDRlq5Wqy4G36pxtNOo2usu/Nm9+V2Rh/QQnrRc2l94kYFXO6Q==}
    engines: {node: '>= 10'}
    cpu: [x64]
    os: [linux]
    libc: [glibc]

  '@next/swc-linux-x64-musl@14.2.4':
    resolution: {integrity: sha512-8dwC0UJoc6fC7PX70csdaznVMNr16hQrTDAMPvLPloazlcaWfdPogq+UpZX6Drqb1OBlwowz8iG7WR0Tzk/diQ==}
    engines: {node: '>= 10'}
    cpu: [x64]
    os: [linux]
    libc: [musl]

  '@next/swc-win32-arm64-msvc@14.2.4':
    resolution: {integrity: sha512-jxyg67NbEWkDyvM+O8UDbPAyYRZqGLQDTPwvrBBeOSyVWW/jFQkQKQ70JDqDSYg1ZDdl+E3nkbFbq8xM8E9x8A==}
    engines: {node: '>= 10'}
    cpu: [arm64]
    os: [win32]

  '@next/swc-win32-ia32-msvc@14.2.4':
    resolution: {integrity: sha512-twrmN753hjXRdcrZmZttb/m5xaCBFa48Dt3FbeEItpJArxriYDunWxJn+QFXdJ3hPkm4u7CKxncVvnmgQMY1ag==}
    engines: {node: '>= 10'}
    cpu: [ia32]
    os: [win32]

  '@next/swc-win32-x64-msvc@14.2.4':
    resolution: {integrity: sha512-tkLrjBzqFTP8DVrAAQmZelEahfR9OxWpFR++vAI9FBhCiIxtwHwBHC23SBHCTURBtwB4kc/x44imVOnkKGNVGg==}
    engines: {node: '>= 10'}
    cpu: [x64]
    os: [win32]

  '@one-ini/wasm@0.1.1':
    resolution: {integrity: sha512-XuySG1E38YScSJoMlqovLru4KTUNSjgVTIjyh7qMX6aNN5HY5Ct5LhRJdxO79JtTzKfzV/bnWpz+zquYrISsvw==}

  '@pkgjs/parseargs@0.11.0':
    resolution: {integrity: sha512-+1VkjdD0QBLPodGrJUeqarH8VAIvQODIbwh9XpP5Syisf7YoQgsJKPNFoqqLQlu+VQ/tVSshMR6loPMn8U+dPg==}
    engines: {node: '>=14'}

  '@radix-ui/react-compose-refs@1.0.1':
    resolution: {integrity: sha512-fDSBgd44FKHa1FRMU59qBMPFcl2PZE+2nmqunj+BWFyYYjnhIDWL2ItDs3rrbJDQOtzt5nIebLCQc4QRfz6LJw==}
    peerDependencies:
      '@types/react': '*'
      react: ^16.8 || ^17.0 || ^18.0
    peerDependenciesMeta:
      '@types/react':
        optional: true

  '@radix-ui/react-slot@1.0.2':
    resolution: {integrity: sha512-YeTpuq4deV+6DusvVUW4ivBgnkHwECUu0BiN43L5UCDFgdhsRUWAghhTF5MbvNTPzmiFOx90asDSUjWuCNapwg==}
    peerDependencies:
      '@types/react': '*'
      react: ^16.8 || ^17.0 || ^18.0
    peerDependenciesMeta:
      '@types/react':
        optional: true

  '@react-email/body@0.0.8':
    resolution: {integrity: sha512-gqdkNYlIaIw0OdpWu8KjIcQSIFvx7t2bZpXVxMMvBS859Ia1+1X3b5RNbjI3S1ZqLddUf7owOHkO4MiXGE+nxg==}
    peerDependencies:
      react: ^18.2.0

  '@react-email/button@0.0.15':
    resolution: {integrity: sha512-9Zi6SO3E8PoHYDfcJTecImiHLyitYWmIRs0HE3Ogra60ZzlWP2EXu+AZqwQnhXuq+9pbgwBWNWxB5YPetNPTNA==}
    engines: {node: '>=18.0.0'}
    peerDependencies:
      react: ^18.2.0

  '@react-email/code-block@0.0.5':
    resolution: {integrity: sha512-mmInpZsSIkNaYC1y40/S0XXrIqbTzrpllP6J1JMJuDOBG8l5T7pNl4V+gwfsSTvy9hVsuzQFmhHK8kVb1UXv3A==}
    engines: {node: '>=18.0.0'}
    peerDependencies:
      react: ^18.2.0

  '@react-email/code-inline@0.0.2':
    resolution: {integrity: sha512-0cmgbbibFeOJl0q04K9jJlPDuJ+SEiX/OG6m3Ko7UOkG3TqjRD8Dtvkij6jNDVfUh/zESpqJCP2CxrCLLMUjdA==}
    engines: {node: '>=18.0.0'}
    peerDependencies:
      react: ^18.2.0

  '@react-email/column@0.0.10':
    resolution: {integrity: sha512-MnP8Mnwipr0X3XtdD6jMLckb0sI5/IlS6Kl/2F6/rsSWBJy5Gg6nizlekTdkwDmy0kNSe3/1nGU0Zqo98pl63Q==}
    engines: {node: '>=18.0.0'}
    peerDependencies:
      react: ^18.2.0

  '@react-email/components@0.0.21':
    resolution: {integrity: sha512-fwGfH7FF+iuq+IdPcbEO5HoF0Pakk9big+fFW9+3kiyvbSNuo8Io1rhPTMLd8q41XomN4g7mgWovdAeS/8PHrA==}
    engines: {node: '>=18.0.0'}
    peerDependencies:
      react: ^18.2.0

  '@react-email/container@0.0.12':
    resolution: {integrity: sha512-HFu8Pu5COPFfeZxSL+wKv/TV5uO/sp4zQ0XkRCdnGkj/xoq0lqOHVDL4yC2Pu6fxXF/9C3PHDA++5uEYV5WVJw==}
    engines: {node: '>=18.0.0'}
    peerDependencies:
      react: ^18.2.0

  '@react-email/font@0.0.6':
    resolution: {integrity: sha512-sZZFvEZ4U3vNCAZ8wXqIO3DuGJR2qE/8m2fEH+tdqwa532zGO3zW+UlCTg0b9455wkJSzEBeaWik0IkNvjXzxw==}
    peerDependencies:
      react: ^18.2.0

  '@react-email/head@0.0.9':
    resolution: {integrity: sha512-dF3Uv1qy3oh+IU2atXdv5Xk0hk2udOlMb1A/MNGngC0eHyoEV9ThA0XvhN7mm5x9dDLkVamoWUKXDtmkiuSRqQ==}
    engines: {node: '>=18.0.0'}
    peerDependencies:
      react: ^18.2.0

  '@react-email/heading@0.0.12':
    resolution: {integrity: sha512-eB7mpnAvDmwvQLoPuwEiPRH4fPXWe6ltz6Ptbry2BlI88F0a2k11Ghb4+sZHBqg7vVw/MKbqEgtLqr3QJ/KfCQ==}
    engines: {node: '>=18.0.0'}
    peerDependencies:
      react: ^18.2.0

  '@react-email/hr@0.0.8':
    resolution: {integrity: sha512-JLVvpCg2wYKEB+n/PGCggWG9fRU5e4lxsGdpK5SDLsCL0ic3OLKSpHMfeE+ZSuw0GixAVVQN7F64PVJHQkd4MQ==}
    engines: {node: '>=18.0.0'}
    peerDependencies:
      react: ^18.2.0

  '@react-email/html@0.0.8':
    resolution: {integrity: sha512-arII3wBNLpeJtwyIJXPaILm5BPKhA+nvdC1F9QkuKcOBJv2zXctn8XzPqyGqDfdplV692ulNJP7XY55YqbKp6w==}
    engines: {node: '>=18.0.0'}
    peerDependencies:
      react: ^18.2.0

  '@react-email/img@0.0.8':
    resolution: {integrity: sha512-jx/rPuKo31tV18fu7P5rRqelaH5wkhg83Dq7uLwJpfqhbi4KFBGeBfD0Y3PiLPPoh+WvYf+Adv9W2ghNW8nOMQ==}
    engines: {node: '>=18.0.0'}
    peerDependencies:
      react: ^18.2.0

  '@react-email/link@0.0.8':
    resolution: {integrity: sha512-nVikuTi8WJHa6Baad4VuRUbUCa/7EtZ1Qy73TRejaCHn+vhetc39XGqHzKLNh+Z/JFL8Hv9g+4AgG16o2R0ogQ==}
    engines: {node: '>=18.0.0'}
    peerDependencies:
      react: ^18.2.0

  '@react-email/markdown@0.0.10':
    resolution: {integrity: sha512-MH0xO+NJ4IuJcx9nyxbgGKAMXyudFjCZ0A2GQvuWajemW9qy2hgnJ3mW3/z5lwcenG+JPn7JyO/iZpizQ7u1tA==}
    engines: {node: '>=18.0.0'}
    peerDependencies:
      react: ^18.2.0

  '@react-email/preview@0.0.9':
    resolution: {integrity: sha512-2fyAA/zzZYfYmxfyn3p2YOIU30klyA6Dq4ytyWq4nfzQWWglt5hNDE0cMhObvRtfjM9ghMSVtoELAb0MWiF/kw==}
    engines: {node: '>=18.0.0'}
    peerDependencies:
      react: ^18.2.0

  '@react-email/render@0.0.16':
    resolution: {integrity: sha512-wDaMy27xAq1cJHtSFptp0DTKPuV2GYhloqia95ub/DH9Dea1aWYsbdM918MOc/b/HvVS3w1z8DWzfAk13bGStQ==}
    engines: {node: '>=18.0.0'}
    peerDependencies:
      react: ^18.2.0
      react-dom: ^18.2.0

  '@react-email/row@0.0.8':
    resolution: {integrity: sha512-JsB6pxs/ZyjYpEML3nbwJRGAerjcN/Pa/QG48XUwnT/MioDWrUuyQuefw+CwCrSUZ2P1IDrv2tUD3/E3xzcoKw==}
    engines: {node: '>=18.0.0'}
    peerDependencies:
      react: ^18.2.0

  '@react-email/section@0.0.12':
    resolution: {integrity: sha512-UCD/N/BeOTN4h3VZBUaFdiSem6HnpuxD1Q51TdBFnqeNqS5hBomp8LWJJ9s4gzwHWk1XPdNfLA3I/fJwulJshg==}
    engines: {node: '>=18.0.0'}
    peerDependencies:
      react: ^18.2.0

  '@react-email/tailwind@0.0.18':
    resolution: {integrity: sha512-ob8CXX/Pqq1U8YfL5OJTL48WJkixizyoXMMRYTiDLDN9LVLU7lSLtcK9kOD9CgFbO2yUPQr7/5+7gnQJ+cXa8Q==}
    engines: {node: '>=18.0.0'}
    peerDependencies:
      react: ^18.2.0

  '@react-email/text@0.0.8':
    resolution: {integrity: sha512-uvN2TNWMrfC9wv/LLmMLbbEN1GrMWZb9dBK14eYxHHAEHCeyvGb5ePZZ2MPyzO7Y5yTC+vFEnCEr76V+hWMxCQ==}
    engines: {node: '>=18.0.0'}
    peerDependencies:
      react: ^18.2.0

  '@selderee/plugin-htmlparser2@0.11.0':
    resolution: {integrity: sha512-P33hHGdldxGabLFjPPpaTxVolMrzrcegejx+0GxjrIb9Zv48D8yAIA/QTDR2dFl7Uz7urX8aX6+5bCZslr+gWQ==}

  '@swc/counter@0.1.3':
    resolution: {integrity: sha512-e2BR4lsJkkRlKZ/qCHPw9ZaSxc0MVUd7gtbtaB7aMvHeJVYe8sOB8DBZkP2DtISHGSku9sCK6T6cnY0CtXrOCQ==}

  '@swc/helpers@0.5.5':
    resolution: {integrity: sha512-KGYxvIOXcceOAbEk4bi/dVLEK9z8sZ0uBB3Il5b1rhfClSpcX0yfRO0KmTkqR2cnQDymwLB+25ZyMzICg/cm/A==}

  '@types/node@20.14.10':
    resolution: {integrity: sha512-MdiXf+nDuMvY0gJKxyfZ7/6UFsETO7mGKF54MVD/ekJS6HdFtpZFBgrh6Pseu64XTb2MLyFPlbW6hj8HYRQNOQ==}

  '@types/nodemailer@6.4.15':
    resolution: {integrity: sha512-0EBJxawVNjPkng1zm2vopRctuWVCxk34JcIlRuXSf54habUWdz1FB7wHDqOqvDa8Mtpt0Q3LTXQkAs2LNyK5jQ==}

  '@types/pg@8.11.6':
    resolution: {integrity: sha512-/2WmmBXHLsfRqzfHW7BNZ8SbYzE8OSk7i3WjFYvfgRHj7S1xj+16Je5fUKv3lVdVzk/zn9TXOqf+avFCFIE0yQ==}

  '@types/prop-types@15.7.12':
    resolution: {integrity: sha512-5zvhXYtRNRluoE/jAp4GVsSduVUzNWKkOZrCDBWYtE7biZywwdC2AcEzg+cSMLFRfVgeAFqpfNabiPjxFddV1Q==}

  '@types/react-dom@18.3.0':
    resolution: {integrity: sha512-EhwApuTmMBmXuFOikhQLIBUn6uFg81SwLMOAUgodJF14SOBOCMdU04gDoYi0WOJJHD144TL32z4yDqCW3dnkQg==}

  '@types/react@18.3.3':
    resolution: {integrity: sha512-hti/R0pS0q1/xx+TsI73XIqk26eBsISZ2R0wUijXIngRK9R/e7Xw/cXVxQK7R5JjW+SV4zGcn5hXjudkN/pLIw==}

  '@vercel/postgres-kysely@0.9.0':
    resolution: {integrity: sha512-qkylWtxzfsXLhVU6zhlfitOae2h15Eu1hi4u5oB+3it3zr4+1LKeelQmaM6JiT36tPUPZvY6uCKVe6CtJXUvxA==}
    engines: {node: '>=14.6'}
    peerDependencies:
      kysely: ^0.24.2 || ^0.25.0 || ^0.26.0 || ^0.27.0

  '@vercel/postgres@0.9.0':
    resolution: {integrity: sha512-WiI2g3+ce2g1u1gP41MoDj2DsMuQQ+us7vHobysRixKECGaLHpfTI7DuVZmHU087ozRAGr3GocSyqmWLLo+fig==}
    engines: {node: '>=14.6'}

  abbrev@2.0.0:
    resolution: {integrity: sha512-6/mh1E2u2YgEsCHdY0Yx5oW+61gZU+1vXaoiHHrpKeuRNNgFvS+/jrwHiQhB5apAf5oB7UB7E19ol2R2LKH8hQ==}
    engines: {node: ^14.17.0 || ^16.13.0 || >=18.0.0}

  ansi-regex@5.0.1:
    resolution: {integrity: sha512-quJQXlTSUGL2LH9SUXo8VwsY4soanhgo6LNSm84E1LBcE8s3O0wpdiRzyR9z/ZZJMlMWv37qOOb9pdJlMUEKFQ==}
    engines: {node: '>=8'}

  ansi-regex@6.0.1:
    resolution: {integrity: sha512-n5M855fKb2SsfMIiFFoVrABHJC8QtHwVx+mHWP3QcEqBHYienj5dHSgjbxtC0WEZXYt4wcD6zrQElDPhFuZgfA==}
    engines: {node: '>=12'}

  ansi-styles@4.3.0:
    resolution: {integrity: sha512-zbB9rCJAT1rbjiVDb2hqKFHNYLxgtk8NURxZ3IZwD3F6NtxbXZQCnnSi1Lkx+IDohdPlFp222wVALIheZJQSEg==}
    engines: {node: '>=8'}

  ansi-styles@6.2.1:
    resolution: {integrity: sha512-bN798gFfQX+viw3R7yrGWRqnrN2oRkEkUjjl4JNn4E8GxxbjtG3FbrEIIY3l8/hrwUwIeCZvi4QuOTP4MErVug==}
    engines: {node: '>=12'}

  argparse@1.0.10:
    resolution: {integrity: sha512-o5Roy6tNG4SL/FOkCAN6RzjiakZS25RLYFrcMttJqbdd8BWrnA+fGz57iN5Pb06pvBGvl5gQ0B48dJlslXvoTg==}

  balanced-match@1.0.2:
    resolution: {integrity: sha512-3oSeUO0TMV67hN1AmbXsK4yaqU7tjiHlbxRDZOpH0KW9+CeX4bRAaX0Anxt0tx2MrpRpWwQaPwIlISEJhYU5Pw==}

  brace-expansion@2.0.1:
    resolution: {integrity: sha512-XnAIvQ8eM+kC6aULx6wuQiwVsnzsi9d3WxzV3FpWTGA19F621kwdbsAcFKXgKUHZWsy+mY6iL1sHTxWEFCytDA==}

  bufferutil@4.0.8:
    resolution: {integrity: sha512-4T53u4PdgsXqKaIctwF8ifXlRTTmEPJ8iEPWFdGZvcf7sbwYo6FKFEX9eNNAnzFZ7EzJAQ3CJeOtCRA4rDp7Pw==}
    engines: {node: '>=6.14.2'}

  busboy@1.6.0:
    resolution: {integrity: sha512-8SFQbg/0hQ9xy3UNTB0YEnsNBbWfhf7RtnzpL7TkBiTBRfrQ9Fxcnz7VJsleJpyp6rVLvXiuORqjlHi5q+PYuA==}
    engines: {node: '>=10.16.0'}

  caniuse-lite@1.0.30001640:
    resolution: {integrity: sha512-lA4VMpW0PSUrFnkmVuEKBUovSWKhj7puyCg8StBChgu298N1AtuF1sKWEvfDuimSEDbhlb/KqPKC3fs1HbuQUA==}

  client-only@0.0.1:
    resolution: {integrity: sha512-IV3Ou0jSMzZrd3pZ48nLkT9DA7Ag1pnPzaiQhpW7c3RbcqqzvzzVu+L8gfqMp/8IM2MQtSiqaCxrrcfu8I8rMA==}

  color-convert@2.0.1:
    resolution: {integrity: sha512-RRECPsj7iu/xb5oKYcsFHSppFNnsj/52OVTRKb4zP5onXwVF3zVmmToNcOfGC+CRDpfK/U584fMg38ZHCaElKQ==}
    engines: {node: '>=7.0.0'}

  color-name@1.1.4:
    resolution: {integrity: sha512-dOy+3AuW3a2wNbZHIuMZpTcgjGuLU/uBL/ubcZF9OXbDo8ff4O8yVp5Bf0efS8uEoYo5q4Fx7dY9OgQGXgAsQA==}

  commander@10.0.1:
    resolution: {integrity: sha512-y4Mg2tXshplEbSGzx7amzPwKKOCGuoSRP/CjEdwwk0FOGlUbq6lKuoyDZTNZkmxHdJtp54hdfY/JUrdL7Xfdug==}
    engines: {node: '>=14'}

  config-chain@1.1.13:
    resolution: {integrity: sha512-qj+f8APARXHrM0hraqXYb2/bOVSV4PvJQlNZ/DVj0QrmNM2q2euizkeuVckQ57J+W0mRH6Hvi+k50M4Jul2VRQ==}

  cross-spawn@7.0.3:
    resolution: {integrity: sha512-iRDPJKUPVEND7dHPO8rkbOnPpyDygcDFtWjpeWNCgy8WP2rXcxXL8TskReQl6OrB2G7+UJrags1q15Fudc7G6w==}
    engines: {node: '>= 8'}

  csstype@3.1.3:
    resolution: {integrity: sha512-M1uQkMl8rQK/szD0LNhtqxIPLpimGm8sOBwU7lLnCpSbTyY3yeU1Vc7l4KT5zT4s/yOxHH5O7tIuuLOCnLADRw==}

  deepmerge@4.3.1:
    resolution: {integrity: sha512-3sUqbMEc77XqpdNO7FRyRog+eW3ph+GYCbj+rK+uYyRMuwsVy0rMiVtPn+QJlKFvWP/1PYpapqYn0Me2knFn+A==}
    engines: {node: '>=0.10.0'}

  dom-serializer@2.0.0:
    resolution: {integrity: sha512-wIkAryiqt/nV5EQKqQpo3SToSOV9J0DnbJqwK7Wv/Trc92zIAYZ4FlMu+JPFW1DfGFt81ZTCGgDEabffXeLyJg==}

  domelementtype@2.3.0:
    resolution: {integrity: sha512-OLETBj6w0OsagBwdXnPdN0cnMfF9opN69co+7ZrbfPGrdpPVNBUj02spi6B1N7wChLQiPn4CSH/zJvXw56gmHw==}

  domhandler@5.0.3:
    resolution: {integrity: sha512-cgwlv/1iFQiFnU96XXgROh8xTeetsnJiDsTc7TYCLFd9+/WNkIqPTxiM/8pSd8VIrhXGTf1Ny1q1hquVqDJB5w==}
    engines: {node: '>= 4'}

  domutils@3.1.0:
    resolution: {integrity: sha512-H78uMmQtI2AhgDJjWeQmHwJJ2bLPD3GMmO7Zja/ZZh84wkm+4ut+IUnUdRa8uCGX88DiVx1j6FRe1XfxEgjEZA==}

  eastasianwidth@0.2.0:
    resolution: {integrity: sha512-I88TYZWc9XiYHRQ4/3c5rjjfgkjhLyW2luGIheGERbNQ6OY7yTybanSpDXZa8y7VUP9YmDcYa+eyq4ca7iLqWA==}

  editorconfig@1.0.4:
    resolution: {integrity: sha512-L9Qe08KWTlqYMVvMcTIvMAdl1cDUubzRNYL+WfA4bLDMHe4nemKkpmYzkznE1FwLKu0EEmy6obgQKzMJrg4x9Q==}
    engines: {node: '>=14'}
    hasBin: true

  emoji-regex@8.0.0:
    resolution: {integrity: sha512-MSjYzcWNOA0ewAHpz0MxpYFvwg6yjy1NG3xteoqz644VCo/RPgnr1/GGt+ic3iJTzQ8Eu3TdM14SawnVUmGE6A==}

  emoji-regex@9.2.2:
    resolution: {integrity: sha512-L18DaJsXSUk2+42pv8mLs5jJT2hqFkFE4j21wOmgbUqsZ2hL72NsUU785g9RXgo3s0ZNgVl42TiHp3ZtOv/Vyg==}

  entities@4.5.0:
    resolution: {integrity: sha512-V0hjH4dGPh9Ao5p0MoRY6BVqtwCjhz6vI5LT8AJ55H+4g9/4vbHx1I54fS0XuclLhDHArPQCiMjDxjaL8fPxhw==}
    engines: {node: '>=0.12'}

  esprima@4.0.1:
    resolution: {integrity: sha512-eGuFFw7Upda+g4p+QHvnW0RyTX/SVeJBDM/gCtMARO0cLuT2HcEKnTPvhjV6aGeqrCB/sbNop0Kszm0jsaWU4A==}
    engines: {node: '>=4'}
    hasBin: true

  extend-shallow@2.0.1:
    resolution: {integrity: sha512-zCnTtlxNoAiDc3gqY2aYAWFx7XWWiasuF2K8Me5WbN8otHKTUKBwjPtNpRs/rbUZm7KxWAaNj7P1a/p52GbVug==}
    engines: {node: '>=0.10.0'}

  fast-deep-equal@2.0.1:
    resolution: {integrity: sha512-bCK/2Z4zLidyB4ReuIsvALH6w31YfAQDmXMqMx6FyfHqvBxtjC0eRumeSu4Bs3XtXwpyIywtSTrVT99BxY1f9w==}

  foreground-child@3.2.1:
    resolution: {integrity: sha512-PXUUyLqrR2XCWICfv6ukppP96sdFwWbNEnfEMt7jNsISjMsvaLNinAHNDYyvkyU+SZG2BTSbT5NjG+vZslfGTA==}
    engines: {node: '>=14'}

  glob@10.4.5:
    resolution: {integrity: sha512-7Bv8RF0k6xjo7d4A/PxYLbUCfb6c+Vpd2/mB2yRDlew7Jb5hEXiCD9ibfO7wpk8i4sevK6DFny9h7EYbM3/sHg==}
    hasBin: true

  graceful-fs@4.2.11:
    resolution: {integrity: sha512-RbJ5/jmFcNNCcDV5o9eTnBLJ/HszWV0P73bc+Ff4nS/rJj+YaS6IGyiOL0VoBYX+l1Wrl3k63h/KrH+nhJ0XvQ==}

  gray-matter@4.0.3:
    resolution: {integrity: sha512-5v6yZd4JK3eMI3FqqCouswVqwugaA9r4dNZB1wwcmrD02QkV5H0y7XBQW8QwQqEaZY1pM9aqORSORhJRdNK44Q==}
    engines: {node: '>=6.0'}

  html-to-text@9.0.5:
    resolution: {integrity: sha512-qY60FjREgVZL03vJU6IfMV4GDjGBIoOyvuFdpBDIX9yTlDw0TjxVBQp+P8NvpdIXNJvfWBTNul7fsAQJq2FNpg==}
    engines: {node: '>=14'}

  htmlparser2@8.0.2:
    resolution: {integrity: sha512-GYdjWKDkbRLkZ5geuHs5NY1puJ+PXwP7+fHPRz06Eirsb9ugf6d8kkXav6ADhcODhFFPMIXyxkxSuMf3D6NCFA==}

  ini@1.3.8:
    resolution: {integrity: sha512-JV/yugV2uzW5iMRSiZAyDtQd+nxtUnjeLt0acNdw98kKLrvuRVyB80tsREOE7yvGVgalhZ6RNXCmEHkUKBKxew==}

  is-extendable@0.1.1:
    resolution: {integrity: sha512-5BMULNob1vgFX6EjQw5izWDxrecWK9AM72rugNr0TFldMOi0fj6Jk+zeKIt0xGj4cEfQIJth4w3OKWOJ4f+AFw==}
    engines: {node: '>=0.10.0'}

  is-fullwidth-code-point@3.0.0:
    resolution: {integrity: sha512-zymm5+u+sCsSWyD9qNaejV3DFvhCKclKdizYaJUuHA83RLjb7nSuGnddCHGv0hk+KY7BMAlsWeK4Ueg6EV6XQg==}
    engines: {node: '>=8'}

  isexe@2.0.0:
    resolution: {integrity: sha512-RHxMLp9lnKHGHRng9QFhRCMbYAcVpn69smSGcq3f36xjgVVWThj4qqLbTLlq7Ssj8B+fIQ1EuCEGI2lKsyQeIw==}

  jackspeak@3.4.3:
    resolution: {integrity: sha512-OGlZQpz2yfahA/Rd1Y8Cd9SIEsqvXkLVoSw/cgwhnhFMDbsQFeZYoJJ7bIZBS9BcamUW96asq/npPWugM+RQBw==}

  js-beautify@1.15.1:
    resolution: {integrity: sha512-ESjNzSlt/sWE8sciZH8kBF8BPlwXPwhR6pWKAw8bw4Bwj+iZcnKW6ONWUutJ7eObuBZQpiIb8S7OYspWrKt7rA==}
    engines: {node: '>=14'}
    hasBin: true

  js-cookie@3.0.5:
    resolution: {integrity: sha512-cEiJEAEoIbWfCZYKWhVwFuvPX1gETRYPw6LlaTKoxD3s2AkXzkCjnp6h0V77ozyqj0jakteJ4YqDJT830+lVGw==}
    engines: {node: '>=14'}

  js-tokens@4.0.0:
    resolution: {integrity: sha512-RdJUflcE3cUzKiMqQgsCu06FPu9UdIJO0beYbPhHN4k6apgJtifcoCtT9bcxOpYBtpD2kCM6Sbzg4CausW/PKQ==}

  js-yaml@3.14.1:
    resolution: {integrity: sha512-okMH7OXXJ7YrN9Ok3/SXrnu4iX9yOk+25nqX4imS2npuvTYDmo/QEZoqwZkYaIDk3jVvBOTOIEgEhaLOynBS9g==}
    hasBin: true

  kind-of@6.0.3:
    resolution: {integrity: sha512-dcS1ul+9tmeD95T+x28/ehLgd9mENa3LsvDTtzm3vyBEO7RPptvAD+t44WVXaUjTBRcrpFeFlC8WCruUR456hw==}
    engines: {node: '>=0.10.0'}

  kysely@0.27.4:
    resolution: {integrity: sha512-dyNKv2KRvYOQPLCAOCjjQuCk4YFd33BvGdf/o5bC7FiW+BB6snA81Zt+2wT9QDFzKqxKa5rrOmvlK/anehCcgA==}
    engines: {node: '>=14.0.0'}

  leac@0.6.0:
    resolution: {integrity: sha512-y+SqErxb8h7nE/fiEX07jsbuhrpO9lL8eca7/Y1nuWV2moNlXhyd59iDGcRf6moVyDMbmTNzL40SUyrFU/yDpg==}

  loose-envify@1.4.0:
    resolution: {integrity: sha512-lyuxPGr/Wfhrlem2CL/UcnUc1zcqKAImBDzukY7Y5F/yQiNdko6+fRLevlw1HgMySw7f611UIY408EtxRSoK3Q==}
    hasBin: true

  lru-cache@10.4.3:
    resolution: {integrity: sha512-JNAzZcXrCt42VGLuYz0zfAzDfAvJWW6AfYlDBQyDV5DClI2m5sAmK+OIO7s59XfsRsWHp02jAJrRadPRGTt6SQ==}

  marked@7.0.4:
    resolution: {integrity: sha512-t8eP0dXRJMtMvBojtkcsA7n48BkauktUKzfkPSCq85ZMTJ0v76Rke4DYz01omYpPTUh4p/f7HePgRo3ebG8+QQ==}
    engines: {node: '>= 16'}
    hasBin: true

  md-to-react-email@5.0.2:
    resolution: {integrity: sha512-x6kkpdzIzUhecda/yahltfEl53mH26QdWu4abUF9+S0Jgam8P//Ciro8cdhyMHnT5MQUJYrIbO6ORM2UxPiNNA==}
    peerDependencies:
      react: 18.x

  minimatch@9.0.1:
    resolution: {integrity: sha512-0jWhJpD/MdhPXwPuiRkCbfYfSKp2qnn2eOc279qI7f+osl/l+prKSrvhg157zSYvx/1nmgn2NqdT6k2Z7zSH9w==}
    engines: {node: '>=16 || 14 >=14.17'}

  minimatch@9.0.5:
    resolution: {integrity: sha512-G6T0ZX48xgozx7587koeX9Ys2NYy6Gmv//P89sEte9V9whIapMNF4idKxnW2QtCcLiTWlb/wfCabAtAFWhhBow==}
    engines: {node: '>=16 || 14 >=14.17'}

  minipass@7.1.2:
    resolution: {integrity: sha512-qOOzS1cBTWYF4BH8fVePDBOO9iptMnGUEZwNc/cMWnTV2nVLZ7VoNWEPHkYczZA0pdoA7dl6e7FL659nX9S2aw==}
    engines: {node: '>=16 || 14 >=14.17'}

  nanoid@3.3.7:
    resolution: {integrity: sha512-eSRppjcPIatRIMC1U6UngP8XFcz8MQWGQdt1MTBQ7NaAmvXDfvNxbvWV3x2y6CdEUciCSsDHDQZbhYaB8QEo2g==}
    engines: {node: ^10 || ^12 || ^13.7 || ^14 || >=15.0.1}
    hasBin: true

  next@14.2.4:
    resolution: {integrity: sha512-R8/V7vugY+822rsQGQCjoLhMuC9oFj9SOi4Cl4b2wjDrseD0LRZ10W7R6Czo4w9ZznVSshKjuIomsRjvm9EKJQ==}
    engines: {node: '>=18.17.0'}
    hasBin: true
    peerDependencies:
      '@opentelemetry/api': ^1.1.0
      '@playwright/test': ^1.41.2
      react: ^18.2.0
      react-dom: ^18.2.0
      sass: ^1.3.0
    peerDependenciesMeta:
      '@opentelemetry/api':
        optional: true
      '@playwright/test':
        optional: true
      sass:
        optional: true

  node-gyp-build@4.8.1:
    resolution: {integrity: sha512-OSs33Z9yWr148JZcbZd5WiAXhh/n9z8TxQcdMhIOlpN9AhWpLfvVFO73+m77bBABQMaY9XSvIa+qk0jlI7Gcaw==}
    hasBin: true

  nodemailer@6.9.14:
    resolution: {integrity: sha512-Dobp/ebDKBvz91sbtRKhcznLThrKxKt97GI2FAlAyy+fk19j73Uz3sBXolVtmcXjaorivqsbbbjDY+Jkt4/bQA==}
    engines: {node: '>=6.0.0'}

  nopt@7.2.1:
    resolution: {integrity: sha512-taM24ViiimT/XntxbPyJQzCG+p4EKOpgD3mxFwW38mGjVUrfERQOeY4EDHjdnptttfHuHQXFx+lTP08Q+mLa/w==}
    engines: {node: ^14.17.0 || ^16.13.0 || >=18.0.0}
    hasBin: true

  obuf@1.1.2:
    resolution: {integrity: sha512-PX1wu0AmAdPqOL1mWhqmlOd8kOIZQwGZw6rh7uby9fTc5lhaOWFLX3I6R1hrF9k3zUY40e6igsLGkDXK92LJNg==}

  package-json-from-dist@1.0.0:
    resolution: {integrity: sha512-dATvCeZN/8wQsGywez1mzHtTlP22H8OEfPrVMLNr4/eGa+ijtLn/6M5f0dY8UKNrC2O9UCU6SSoG3qRKnt7STw==}

  parseley@0.12.1:
    resolution: {integrity: sha512-e6qHKe3a9HWr0oMRVDTRhKce+bRO8VGQR3NyVwcjwrbhMmFCX9KszEV35+rn4AdilFAq9VPxP/Fe1wC9Qjd2lw==}

  path-key@3.1.1:
    resolution: {integrity: sha512-ojmeN0qd+y0jszEtoY48r0Peq5dwMEkIlCOu6Q5f41lfkswXuKtYrhgoTpLnyIcHm24Uhqx+5Tqm2InSwLhE6Q==}
    engines: {node: '>=8'}

  path-scurry@1.11.1:
    resolution: {integrity: sha512-Xa4Nw17FS9ApQFJ9umLiJS4orGjm7ZzwUrwamcGQuHSzDyth9boKDaycYdDcZDuqYATXw4HFXgaqWTctW/v1HA==}
    engines: {node: '>=16 || 14 >=14.18'}

  peberminta@0.9.0:
    resolution: {integrity: sha512-XIxfHpEuSJbITd1H3EeQwpcZbTLHc+VVr8ANI9t5sit565tsI4/xK3KWTUFE2e6QiangUkh3B0jihzmGnNrRsQ==}

  pg-int8@1.0.1:
    resolution: {integrity: sha512-WCtabS6t3c8SkpDBUlb1kjOs7l66xsGdKpIPZsg4wR+B3+u9UAum2odSsF9tnvxg80h4ZxLWMy4pRjOsFIqQpw==}
    engines: {node: '>=4.0.0'}

  pg-numeric@1.0.2:
    resolution: {integrity: sha512-BM/Thnrw5jm2kKLE5uJkXqqExRUY/toLHda65XgFTBTFYZyopbKjBe29Ii3RbkvlsMoFwD+tHeGaCjjv0gHlyw==}
    engines: {node: '>=4'}

  pg-protocol@1.6.1:
    resolution: {integrity: sha512-jPIlvgoD63hrEuihvIg+tJhoGjUsLPn6poJY9N5CnlPd91c2T18T/9zBtLxZSb1EhYxBRoZJtzScCaWlYLtktg==}

  pg-types@4.0.2:
    resolution: {integrity: sha512-cRL3JpS3lKMGsKaWndugWQoLOCoP+Cic8oseVcbr0qhPzYD5DWXK+RZ9LY9wxRf7RQia4SCwQlXk0q6FCPrVng==}
    engines: {node: '>=10'}

  picocolors@1.0.1:
    resolution: {integrity: sha512-anP1Z8qwhkbmu7MFP5iTt+wQKXgwzf7zTyGlcdzabySa9vd0Xt392U0rVmz9poOaBj0uHJKyyo9/upk0HrEQew==}

  postcss@8.4.31:
    resolution: {integrity: sha512-PS08Iboia9mts/2ygV3eLpY5ghnUcfLV/EXTOW1E2qYxJKGGBUtNjN76FYHnMs36RmARn41bC0AZmn+rR0OVpQ==}
    engines: {node: ^10 || ^12 || >=14}

  postgres-array@3.0.2:
    resolution: {integrity: sha512-6faShkdFugNQCLwucjPcY5ARoW1SlbnrZjmGl0IrrqewpvxvhSLHimCVzqeuULCbG0fQv7Dtk1yDbG3xv7Veog==}
    engines: {node: '>=12'}

  postgres-bytea@3.0.0:
    resolution: {integrity: sha512-CNd4jim9RFPkObHSjVHlVrxoVQXz7quwNFpz7RY1okNNme49+sVyiTvTRobiLV548Hx/hb1BG+iE7h9493WzFw==}
    engines: {node: '>= 6'}

  postgres-date@2.1.0:
    resolution: {integrity: sha512-K7Juri8gtgXVcDfZttFKVmhglp7epKb1K4pgrkLxehjqkrgPhfG6OO8LHLkfaqkbpjNRnra018XwAr1yQFWGcA==}
    engines: {node: '>=12'}

  postgres-interval@3.0.0:
    resolution: {integrity: sha512-BSNDnbyZCXSxgA+1f5UU2GmwhoI0aU5yMxRGO8CdFEcY2BQF9xm/7MqKnYoM1nJDk8nONNWDk9WeSmePFhQdlw==}
    engines: {node: '>=12'}

  postgres-range@1.1.4:
    resolution: {integrity: sha512-i/hbxIE9803Alj/6ytL7UHQxRvZkI9O4Sy+J3HGc4F4oo/2eQAjTSNJ0bfxyse3bH0nuVesCk+3IRLaMtG3H6w==}

  prismjs@1.29.0:
    resolution: {integrity: sha512-Kx/1w86q/epKcmte75LNrEoT+lX8pBpavuAbvJWRXar7Hz8jrtF+e3vY751p0R8H9HdArwaCTNDDzHg/ScJK1Q==}
    engines: {node: '>=6'}

  proto-list@1.2.4:
    resolution: {integrity: sha512-vtK/94akxsTMhe0/cbfpR+syPuszcuwhqVjJq26CuNDgFGj682oRBXOP5MJpv2r7JtE8MsiepGIqvvOTBwn2vA==}

  react-dom@18.3.1:
    resolution: {integrity: sha512-5m4nQKp+rZRb09LNH59GM4BxTh9251/ylbKIbpe7TpGxfJ+9kv6BLkLBXIjjspbgbnIBNqlI23tRnTWT0snUIw==}
    peerDependencies:
      react: ^18.3.1

  react-promise-suspense@0.3.4:
    resolution: {integrity: sha512-I42jl7L3Ze6kZaq+7zXWSunBa3b1on5yfvUW6Eo/3fFOj6dZ5Bqmcd264nJbTK/gn1HjjILAjSwnZbV4RpSaNQ==}

  react@18.3.1:
    resolution: {integrity: sha512-wS+hAgJShR0KhEvPJArfuPVN1+Hz1t0Y6n5jLrGQbkb4urgPE/0Rve+1kMB1v/oWgHgm4WIcV+i7F2pTVj+2iQ==}
    engines: {node: '>=0.10.0'}

  regenerator-runtime@0.14.1:
    resolution: {integrity: sha512-dYnhHh0nJoMfnkZs6GmmhFknAGRrLznOu5nc9ML+EJxGvrx6H7teuevqVqCuPcPK//3eDrrjQhehXVx9cnkGdw==}

  scheduler@0.23.2:
    resolution: {integrity: sha512-UOShsPwz7NrMUqhR6t0hWjFduvOzbtv7toDH1/hIrfRNIDBnnBWd0CwJTGvTpngVlmwGCdP9/Zl/tVrDqcuYzQ==}

  section-matter@1.0.0:
    resolution: {integrity: sha512-vfD3pmTzGpufjScBh50YHKzEu2lxBWhVEHsNGoEXmCmn2hKGfeNLYMzCJpe8cD7gqX7TJluOVpBkAequ6dgMmA==}
    engines: {node: '>=4'}

  selderee@0.11.0:
    resolution: {integrity: sha512-5TF+l7p4+OsnP8BCCvSyZiSPc4x4//p5uPwK8TCnVPJYRmU2aYKMpOXvw8zM5a5JvuuCGN1jmsMwuU2W02ukfA==}

  semver@7.6.2:
    resolution: {integrity: sha512-FNAIBWCx9qcRhoHcgcJ0gvU7SN1lYU2ZXuSfl04bSC5OpvDHFyJCjdNHomPXxjQlCBU67YW64PzY7/VIEH7F2w==}
    engines: {node: '>=10'}
    hasBin: true

  shebang-command@2.0.0:
    resolution: {integrity: sha512-kHxr2zZpYtdmrN1qDjrrX/Z1rR1kG8Dx+gkpK1G4eXmvXswmcE1hTWBWYUzlraYw1/yZp6YuDY77YtvbN0dmDA==}
    engines: {node: '>=8'}

  shebang-regex@3.0.0:
    resolution: {integrity: sha512-7++dFhtcx3353uBaq8DDR4NuxBetBzC7ZQOhmTQInHEd6bSrXdiEyzCvG07Z44UYdLShWUyXt5M/yhz8ekcb1A==}
    engines: {node: '>=8'}

  signal-exit@4.1.0:
    resolution: {integrity: sha512-bzyZ1e88w9O1iNJbKnOlvYTrWPDl46O1bG0D3XInv+9tkPrxrN8jUUTiFlDkkmKWgn1M6CfIA13SuGqOa9Korw==}
    engines: {node: '>=14'}

  source-map-js@1.2.0:
    resolution: {integrity: sha512-itJW8lvSA0TXEphiRoawsCksnlf8SyvmFzIhltqAHluXd88pkCd+cXJVHTDwdCr0IzwptSm035IHQktUu1QUMg==}
    engines: {node: '>=0.10.0'}

  sprintf-js@1.0.3:
    resolution: {integrity: sha512-D9cPgkvLlV3t3IzL0D0YLvGA9Ahk4PcvVwUbN0dSGr1aP0Nrt4AEnTUbuGvquEC0mA64Gqt1fzirlRs5ibXx8g==}

  streamsearch@1.1.0:
    resolution: {integrity: sha512-Mcc5wHehp9aXz1ax6bZUyY5afg9u2rv5cqQI3mRrYkGC8rW2hM02jWuwjtL++LS5qinSyhj2QfLyNsuc+VsExg==}
    engines: {node: '>=10.0.0'}

  string-width@4.2.3:
    resolution: {integrity: sha512-wKyQRQpjJ0sIp62ErSZdGsjMJWsap5oRNihHhu6G7JVO/9jIB6UyevL+tXuOqrng8j/cxKTWyWUwvSTriiZz/g==}
    engines: {node: '>=8'}

  string-width@5.1.2:
    resolution: {integrity: sha512-HnLOCR3vjcY8beoNLtcjZ5/nxn2afmME6lhrDrebokqMap+XbeW8n9TXpPDOqdGK5qcI3oT0GKTW6wC7EMiVqA==}
    engines: {node: '>=12'}

  strip-ansi@6.0.1:
    resolution: {integrity: sha512-Y38VPSHcqkFrCpFnQ9vuSXmquuv5oXOKpGeT6aGrr3o3Gc9AlVa6JBfUSOCnbxGGZF+/0ooI7KrPuUSztUdU5A==}
    engines: {node: '>=8'}

  strip-ansi@7.1.0:
    resolution: {integrity: sha512-iq6eVVI64nQQTRYq2KtEg2d2uU7LElhTJwsH4YzIHZshxlgZms/wIc4VoDQTlG/IvVIrBKG06CrZnp0qv7hkcQ==}
    engines: {node: '>=12'}

  strip-bom-string@1.0.0:
    resolution: {integrity: sha512-uCC2VHvQRYu+lMh4My/sFNmF2klFymLX1wHJeXnbEJERpV/ZsVuonzerjfrGpIGF7LBVa1O7i9kjiWvJiFck8g==}
    engines: {node: '>=0.10.0'}

  styled-jsx@5.1.1:
    resolution: {integrity: sha512-pW7uC1l4mBZ8ugbiZrcIsiIvVx1UmTfw7UkC3Um2tmfUq9Bhk8IiyEIPl6F8agHgjzku6j0xQEZbfA5uSgSaCw==}
    engines: {node: '>= 12.0.0'}
    peerDependencies:
      '@babel/core': '*'
      babel-plugin-macros: '*'
      react: '>= 16.8.0 || 17.x.x || ^18.0.0-0'
    peerDependenciesMeta:
      '@babel/core':
        optional: true
      babel-plugin-macros:
        optional: true

  tslib@2.6.3:
    resolution: {integrity: sha512-xNvxJEOUiWPGhUuUdQgAJPKOOJfGnIyKySOc09XkKsgdUV/3E2zvwZYdejjmRgPCgcym1juLH3226yA7sEFJKQ==}

  typescript@5.5.3:
    resolution: {integrity: sha512-/hreyEujaB0w76zKo6717l3L0o/qEUtRgdvUBvlkhoWeOVMjMuHNHk0BRBzikzuGDqNmPQbg5ifMEqsHLiIUcQ==}
    engines: {node: '>=14.17'}
    hasBin: true

  undici-types@5.26.5:
    resolution: {integrity: sha512-JlCMO+ehdEIKqlFxk6IfVoAUVmgz7cU7zD/h9XZ0qzeosSHmUJVOzSQvvYSYWXkFXC+IfLKSIffhv0sVZup6pA==}

  utf-8-validate@6.0.4:
    resolution: {integrity: sha512-xu9GQDeFp+eZ6LnCywXN/zBancWvOpUMzgjLPSjy4BRHSmTelvn2E0DG0o1sTiw5hkCKBHo8rwSKncfRfv2EEQ==}
    engines: {node: '>=6.14.2'}

  which@2.0.2:
    resolution: {integrity: sha512-BLI3Tl1TW3Pvl70l3yq3Y64i+awpwXqsGBYWkkqMtnbXgrMD+yj7rhW0kuEDxzJaYXGjEW5ogapKNMEKNMjibA==}
    engines: {node: '>= 8'}
    hasBin: true

  wrap-ansi@7.0.0:
    resolution: {integrity: sha512-YVGIj2kamLSTxw6NsZjoBxfSwsn0ycdesmc4p+Q21c5zPuZ1pl+NfxVdxPtdHvmNVOQ6XSYG4AUtyt/Fi7D16Q==}
    engines: {node: '>=10'}

  wrap-ansi@8.1.0:
    resolution: {integrity: sha512-si7QWI6zUMq56bESFvagtmzMdGOtoxfR+Sez11Mobfc7tm+VkUckk9bW2UeffTGVUbOksxmSw0AA2gs8g71NCQ==}
    engines: {node: '>=12'}

  ws@8.18.0:
    resolution: {integrity: sha512-8VbfWfHLbbwu3+N6OKsOMpBdT4kXPDDB9cJk2bJ6mh9ucxdlnNvH1e+roYkKmN9Nxw2yjz7VzeO9oOz2zJ04Pw==}
    engines: {node: '>=10.0.0'}
    peerDependencies:
      bufferutil: ^4.0.1
      utf-8-validate: '>=5.0.2'
    peerDependenciesMeta:
      bufferutil:
        optional: true
      utf-8-validate:
        optional: true

snapshots:

  '@babel/runtime@7.24.8':
    dependencies:
      regenerator-runtime: 0.14.1

  '@iconify/react@5.0.1(react@18.3.1)':
    dependencies:
      '@iconify/types': 2.0.0
      react: 18.3.1

  '@iconify/types@2.0.0': {}

  '@isaacs/cliui@8.0.2':
    dependencies:
      string-width: 5.1.2
      string-width-cjs: string-width@4.2.3
      strip-ansi: 7.1.0
      strip-ansi-cjs: strip-ansi@6.0.1
      wrap-ansi: 8.1.0
      wrap-ansi-cjs: wrap-ansi@7.0.0

  '@neondatabase/serverless@0.9.4':
    dependencies:
      '@types/pg': 8.11.6

  '@next/env@14.2.4': {}

  '@next/swc-darwin-arm64@14.2.4':
    optional: true

  '@next/swc-darwin-x64@14.2.4':
    optional: true

  '@next/swc-linux-arm64-gnu@14.2.4':
    optional: true

  '@next/swc-linux-arm64-musl@14.2.4':
    optional: true

  '@next/swc-linux-x64-gnu@14.2.4':
    optional: true

  '@next/swc-linux-x64-musl@14.2.4':
    optional: true

  '@next/swc-win32-arm64-msvc@14.2.4':
    optional: true

  '@next/swc-win32-ia32-msvc@14.2.4':
    optional: true

  '@next/swc-win32-x64-msvc@14.2.4':
    optional: true

  '@one-ini/wasm@0.1.1': {}

  '@pkgjs/parseargs@0.11.0':
    optional: true

  '@radix-ui/react-compose-refs@1.0.1(@types/react@18.3.3)(react@18.3.1)':
    dependencies:
      '@babel/runtime': 7.24.8
      react: 18.3.1
    optionalDependencies:
      '@types/react': 18.3.3

  '@radix-ui/react-slot@1.0.2(@types/react@18.3.3)(react@18.3.1)':
    dependencies:
      '@babel/runtime': 7.24.8
      '@radix-ui/react-compose-refs': 1.0.1(@types/react@18.3.3)(react@18.3.1)
      react: 18.3.1
    optionalDependencies:
      '@types/react': 18.3.3

  '@react-email/body@0.0.8(react@18.3.1)':
    dependencies:
      react: 18.3.1

  '@react-email/button@0.0.15(react@18.3.1)':
    dependencies:
      react: 18.3.1

  '@react-email/code-block@0.0.5(react@18.3.1)':
    dependencies:
      prismjs: 1.29.0
      react: 18.3.1

  '@react-email/code-inline@0.0.2(react@18.3.1)':
    dependencies:
      react: 18.3.1

  '@react-email/column@0.0.10(react@18.3.1)':
    dependencies:
      react: 18.3.1

  '@react-email/components@0.0.21(@types/react@18.3.3)(react-dom@18.3.1(react@18.3.1))(react@18.3.1)':
    dependencies:
      '@react-email/body': 0.0.8(react@18.3.1)
      '@react-email/button': 0.0.15(react@18.3.1)
      '@react-email/code-block': 0.0.5(react@18.3.1)
      '@react-email/code-inline': 0.0.2(react@18.3.1)
      '@react-email/column': 0.0.10(react@18.3.1)
      '@react-email/container': 0.0.12(react@18.3.1)
      '@react-email/font': 0.0.6(react@18.3.1)
      '@react-email/head': 0.0.9(react@18.3.1)
      '@react-email/heading': 0.0.12(@types/react@18.3.3)(react@18.3.1)
      '@react-email/hr': 0.0.8(react@18.3.1)
      '@react-email/html': 0.0.8(react@18.3.1)
      '@react-email/img': 0.0.8(react@18.3.1)
      '@react-email/link': 0.0.8(react@18.3.1)
      '@react-email/markdown': 0.0.10(react@18.3.1)
      '@react-email/preview': 0.0.9(react@18.3.1)
      '@react-email/render': 0.0.16(react-dom@18.3.1(react@18.3.1))(react@18.3.1)
      '@react-email/row': 0.0.8(react@18.3.1)
      '@react-email/section': 0.0.12(react@18.3.1)
      '@react-email/tailwind': 0.0.18(react@18.3.1)
      '@react-email/text': 0.0.8(react@18.3.1)
      react: 18.3.1
    transitivePeerDependencies:
      - '@types/react'
      - react-dom

  '@react-email/container@0.0.12(react@18.3.1)':
    dependencies:
      react: 18.3.1

  '@react-email/font@0.0.6(react@18.3.1)':
    dependencies:
      react: 18.3.1

  '@react-email/head@0.0.9(react@18.3.1)':
    dependencies:
      react: 18.3.1

  '@react-email/heading@0.0.12(@types/react@18.3.3)(react@18.3.1)':
    dependencies:
      '@radix-ui/react-slot': 1.0.2(@types/react@18.3.3)(react@18.3.1)
      react: 18.3.1
    transitivePeerDependencies:
      - '@types/react'

  '@react-email/hr@0.0.8(react@18.3.1)':
    dependencies:
      react: 18.3.1

  '@react-email/html@0.0.8(react@18.3.1)':
    dependencies:
      react: 18.3.1

  '@react-email/img@0.0.8(react@18.3.1)':
    dependencies:
      react: 18.3.1

  '@react-email/link@0.0.8(react@18.3.1)':
    dependencies:
      react: 18.3.1

  '@react-email/markdown@0.0.10(react@18.3.1)':
    dependencies:
      md-to-react-email: 5.0.2(react@18.3.1)
      react: 18.3.1

  '@react-email/preview@0.0.9(react@18.3.1)':
    dependencies:
      react: 18.3.1

  '@react-email/render@0.0.16(react-dom@18.3.1(react@18.3.1))(react@18.3.1)':
    dependencies:
      html-to-text: 9.0.5
      js-beautify: 1.15.1
      react: 18.3.1
      react-dom: 18.3.1(react@18.3.1)
      react-promise-suspense: 0.3.4

  '@react-email/row@0.0.8(react@18.3.1)':
    dependencies:
      react: 18.3.1

  '@react-email/section@0.0.12(react@18.3.1)':
    dependencies:
      react: 18.3.1

  '@react-email/tailwind@0.0.18(react@18.3.1)':
    dependencies:
      react: 18.3.1

  '@react-email/text@0.0.8(react@18.3.1)':
    dependencies:
      react: 18.3.1

  '@selderee/plugin-htmlparser2@0.11.0':
    dependencies:
      domhandler: 5.0.3
      selderee: 0.11.0

  '@swc/counter@0.1.3': {}

  '@swc/helpers@0.5.5':
    dependencies:
      '@swc/counter': 0.1.3
      tslib: 2.6.3

  '@types/node@20.14.10':
    dependencies:
      undici-types: 5.26.5

  '@types/nodemailer@6.4.15':
    dependencies:
      '@types/node': 20.14.10

  '@types/pg@8.11.6':
    dependencies:
      '@types/node': 20.14.10
      pg-protocol: 1.6.1
      pg-types: 4.0.2

  '@types/prop-types@15.7.12': {}

  '@types/react-dom@18.3.0':
    dependencies:
      '@types/react': 18.3.3

  '@types/react@18.3.3':
    dependencies:
      '@types/prop-types': 15.7.12
      csstype: 3.1.3

  '@vercel/postgres-kysely@0.9.0(kysely@0.27.4)':
    dependencies:
      '@vercel/postgres': 0.9.0
      kysely: 0.27.4

  '@vercel/postgres@0.9.0':
    dependencies:
      '@neondatabase/serverless': 0.9.4
      bufferutil: 4.0.8
      utf-8-validate: 6.0.4
      ws: 8.18.0(bufferutil@4.0.8)(utf-8-validate@6.0.4)

  abbrev@2.0.0: {}

  ansi-regex@5.0.1: {}

  ansi-regex@6.0.1: {}

  ansi-styles@4.3.0:
    dependencies:
      color-convert: 2.0.1

  ansi-styles@6.2.1: {}

  argparse@1.0.10:
    dependencies:
      sprintf-js: 1.0.3

  balanced-match@1.0.2: {}

  brace-expansion@2.0.1:
    dependencies:
      balanced-match: 1.0.2

  bufferutil@4.0.8:
    dependencies:
      node-gyp-build: 4.8.1

  busboy@1.6.0:
    dependencies:
      streamsearch: 1.1.0

  caniuse-lite@1.0.30001640: {}

  client-only@0.0.1: {}

  color-convert@2.0.1:
    dependencies:
      color-name: 1.1.4

  color-name@1.1.4: {}

  commander@10.0.1: {}

  config-chain@1.1.13:
    dependencies:
      ini: 1.3.8
      proto-list: 1.2.4

  cross-spawn@7.0.3:
    dependencies:
      path-key: 3.1.1
      shebang-command: 2.0.0
      which: 2.0.2

  csstype@3.1.3: {}

  deepmerge@4.3.1: {}

  dom-serializer@2.0.0:
    dependencies:
      domelementtype: 2.3.0
      domhandler: 5.0.3
      entities: 4.5.0

  domelementtype@2.3.0: {}

  domhandler@5.0.3:
    dependencies:
      domelementtype: 2.3.0

  domutils@3.1.0:
    dependencies:
      dom-serializer: 2.0.0
      domelementtype: 2.3.0
      domhandler: 5.0.3

  eastasianwidth@0.2.0: {}

  editorconfig@1.0.4:
    dependencies:
      '@one-ini/wasm': 0.1.1
      commander: 10.0.1
      minimatch: 9.0.1
      semver: 7.6.2

  emoji-regex@8.0.0: {}

  emoji-regex@9.2.2: {}

  entities@4.5.0: {}

  esprima@4.0.1: {}

  extend-shallow@2.0.1:
    dependencies:
      is-extendable: 0.1.1

  fast-deep-equal@2.0.1: {}

  foreground-child@3.2.1:
    dependencies:
      cross-spawn: 7.0.3
      signal-exit: 4.1.0

  glob@10.4.5:
    dependencies:
      foreground-child: 3.2.1
      jackspeak: 3.4.3
      minimatch: 9.0.5
      minipass: 7.1.2
      package-json-from-dist: 1.0.0
      path-scurry: 1.11.1

  graceful-fs@4.2.11: {}

  gray-matter@4.0.3:
    dependencies:
      js-yaml: 3.14.1
      kind-of: 6.0.3
      section-matter: 1.0.0
      strip-bom-string: 1.0.0

  html-to-text@9.0.5:
    dependencies:
      '@selderee/plugin-htmlparser2': 0.11.0
      deepmerge: 4.3.1
      dom-serializer: 2.0.0
      htmlparser2: 8.0.2
      selderee: 0.11.0

  htmlparser2@8.0.2:
    dependencies:
      domelementtype: 2.3.0
      domhandler: 5.0.3
      domutils: 3.1.0
      entities: 4.5.0

  ini@1.3.8: {}

  is-extendable@0.1.1: {}

  is-fullwidth-code-point@3.0.0: {}

  isexe@2.0.0: {}

  jackspeak@3.4.3:
    dependencies:
      '@isaacs/cliui': 8.0.2
    optionalDependencies:
      '@pkgjs/parseargs': 0.11.0

  js-beautify@1.15.1:
    dependencies:
      config-chain: 1.1.13
      editorconfig: 1.0.4
      glob: 10.4.5
      js-cookie: 3.0.5
      nopt: 7.2.1

  js-cookie@3.0.5: {}

  js-tokens@4.0.0: {}

  js-yaml@3.14.1:
    dependencies:
      argparse: 1.0.10
      esprima: 4.0.1

  kind-of@6.0.3: {}

  kysely@0.27.4: {}

  leac@0.6.0: {}

  loose-envify@1.4.0:
    dependencies:
      js-tokens: 4.0.0

  lru-cache@10.4.3: {}

  marked@7.0.4: {}

  md-to-react-email@5.0.2(react@18.3.1):
    dependencies:
      marked: 7.0.4
      react: 18.3.1

  minimatch@9.0.1:
    dependencies:
      brace-expansion: 2.0.1

  minimatch@9.0.5:
    dependencies:
      brace-expansion: 2.0.1

  minipass@7.1.2: {}

  nanoid@3.3.7: {}

  next@14.2.4(react-dom@18.3.1(react@18.3.1))(react@18.3.1):
    dependencies:
      '@next/env': 14.2.4
      '@swc/helpers': 0.5.5
      busboy: 1.6.0
      caniuse-lite: 1.0.30001640
      graceful-fs: 4.2.11
      postcss: 8.4.31
      react: 18.3.1
      react-dom: 18.3.1(react@18.3.1)
      styled-jsx: 5.1.1(react@18.3.1)
    optionalDependencies:
      '@next/swc-darwin-arm64': 14.2.4
      '@next/swc-darwin-x64': 14.2.4
      '@next/swc-linux-arm64-gnu': 14.2.4
      '@next/swc-linux-arm64-musl': 14.2.4
      '@next/swc-linux-x64-gnu': 14.2.4
      '@next/swc-linux-x64-musl': 14.2.4
      '@next/swc-win32-arm64-msvc': 14.2.4
      '@next/swc-win32-ia32-msvc': 14.2.4
      '@next/swc-win32-x64-msvc': 14.2.4
    transitivePeerDependencies:
      - '@babel/core'
      - babel-plugin-macros

  node-gyp-build@4.8.1: {}

  nodemailer@6.9.14: {}

  nopt@7.2.1:
    dependencies:
      abbrev: 2.0.0

  obuf@1.1.2: {}

  package-json-from-dist@1.0.0: {}

  parseley@0.12.1:
    dependencies:
      leac: 0.6.0
      peberminta: 0.9.0

  path-key@3.1.1: {}

  path-scurry@1.11.1:
    dependencies:
      lru-cache: 10.4.3
      minipass: 7.1.2

  peberminta@0.9.0: {}

  pg-int8@1.0.1: {}

  pg-numeric@1.0.2: {}

  pg-protocol@1.6.1: {}

  pg-types@4.0.2:
    dependencies:
      pg-int8: 1.0.1
      pg-numeric: 1.0.2
      postgres-array: 3.0.2
      postgres-bytea: 3.0.0
      postgres-date: 2.1.0
      postgres-interval: 3.0.0
      postgres-range: 1.1.4

  picocolors@1.0.1: {}

  postcss@8.4.31:
    dependencies:
      nanoid: 3.3.7
      picocolors: 1.0.1
      source-map-js: 1.2.0

  postgres-array@3.0.2: {}

  postgres-bytea@3.0.0:
    dependencies:
      obuf: 1.1.2

  postgres-date@2.1.0: {}

  postgres-interval@3.0.0: {}

  postgres-range@1.1.4: {}

  prismjs@1.29.0: {}

  proto-list@1.2.4: {}

  react-dom@18.3.1(react@18.3.1):
    dependencies:
      loose-envify: 1.4.0
      react: 18.3.1
      scheduler: 0.23.2

  react-promise-suspense@0.3.4:
    dependencies:
      fast-deep-equal: 2.0.1

  react@18.3.1:
    dependencies:
      loose-envify: 1.4.0

  regenerator-runtime@0.14.1: {}

  scheduler@0.23.2:
    dependencies:
      loose-envify: 1.4.0

  section-matter@1.0.0:
    dependencies:
      extend-shallow: 2.0.1
      kind-of: 6.0.3

  selderee@0.11.0:
    dependencies:
      parseley: 0.12.1

  semver@7.6.2: {}

  shebang-command@2.0.0:
    dependencies:
      shebang-regex: 3.0.0

  shebang-regex@3.0.0: {}

  signal-exit@4.1.0: {}

  source-map-js@1.2.0: {}

  sprintf-js@1.0.3: {}

  streamsearch@1.1.0: {}

  string-width@4.2.3:
    dependencies:
      emoji-regex: 8.0.0
      is-fullwidth-code-point: 3.0.0
      strip-ansi: 6.0.1

  string-width@5.1.2:
    dependencies:
      eastasianwidth: 0.2.0
      emoji-regex: 9.2.2
      strip-ansi: 7.1.0

  strip-ansi@6.0.1:
    dependencies:
      ansi-regex: 5.0.1

  strip-ansi@7.1.0:
    dependencies:
      ansi-regex: 6.0.1

  strip-bom-string@1.0.0: {}

  styled-jsx@5.1.1(react@18.3.1):
    dependencies:
      client-only: 0.0.1
      react: 18.3.1

  tslib@2.6.3: {}

  typescript@5.5.3: {}

  undici-types@5.26.5: {}

  utf-8-validate@6.0.4:
    dependencies:
      node-gyp-build: 4.8.1

  which@2.0.2:
    dependencies:
      isexe: 2.0.0

  wrap-ansi@7.0.0:
    dependencies:
      ansi-styles: 4.3.0
      string-width: 4.2.3
      strip-ansi: 6.0.1

  wrap-ansi@8.1.0:
    dependencies:
      ansi-styles: 6.2.1
      string-width: 5.1.2
      strip-ansi: 7.1.0

  ws@8.18.0(bufferutil@4.0.8)(utf-8-validate@6.0.4):
    optionalDependencies:
      bufferutil: 4.0.8
      utf-8-validate: 6.0.4
